
Microsoft Visual Studio Solution File, Format Version 12.00
# Visual Studio Version 17
VisualStudioVersion = 17.5.33627.172
MinimumVisualStudioVersion = 10.0.40219.1
Project("{9A19103F-16F7-4668-BE54-9A1E7A4F7556}") = "Sprint01_Task01", "Sprint01_Task01\Sprint01_Task01.csproj", "{16F25DC5-414C-4630-AAD1-B39A2F237CA0}"
EndProject
Project("{2150E333-8FDC-42A3-9474-1A3956D46DE8}") = "Sprint01", "Sprint01", "{A7B2DD89-AC59-42BF-92BB-668D9D152228}"
EndProject
Project("{9A19103F-16F7-4668-BE54-9A1E7A4F7556}") = "Sprint01_Task02", "Sprint01_Task02\Sprint01_Task02.csproj", "{8BA51ECC-98CF-4DA4-8D7E-F41E880513D6}"
EndProject
Project("{9A19103F-16F7-4668-BE54-9A1E7A4F7556}") = "Sprint01_Task03", "Sprint01_Task03\Sprint01_Task03.csproj", "{DA159B51-1241-4573-A3DA-4881F91188EB}"
EndProject
Project("{9A19103F-16F7-4668-BE54-9A1E7A4F7556}") = "Sprint01_Task04", "Sprint01_Task04\Sprint01_Task04.csproj", "{8EFAB83C-3D5E-44B4-8517-8E18A3E32402}"
EndProject
Project("{9A19103F-16F7-4668-BE54-9A1E7A4F7556}") = "Sprint01_Task05", "Sprint01_Task05\Sprint01_Task05.csproj", "{AA24E4A3-D131-4AD3-AFB4-C8E86DE00D04}"
EndProject
Project("{2150E333-8FDC-42A3-9474-1A3956D46DE8}") = "Sprint02", "Sprint02", "{9B0729B1-C5EA-4F8A-B54D-B8AB935FF91E}"
EndProject
Project("{FAE04EC0-301F-11D3-BF4B-00C04F79EFBC}") = "Sprint02_Task01", "Sprint02_Task01\Sprint02_Task01.csproj", "{5644AE16-967E-4B16-88DB-6E33029CE860}"
EndProject
Project("{FAE04EC0-301F-11D3-BF4B-00C04F79EFBC}") = "Sprint02_Task02", "Sprint02_Task02\Sprint02_Task02.csproj", "{2C0EBD5E-63F2-41FF-8567-8885983EC559}"
EndProject
Project("{2150E333-8FDC-42A3-9474-1A3956D46DE8}") = "Sprint03", "Sprint03", "{43527620-0AB6-4138-A222-93B2A73FAB5E}"
EndProject
Project("{FAE04EC0-301F-11D3-BF4B-00C04F79EFBC}") = "Sprint03_Task01", "Sprint03_Task01\Sprint03_Task01.csproj", "{A490FA66-BDB1-4FF6-A59B-C879A6A5A9CA}"
EndProject
Project("{FAE04EC0-301F-11D3-BF4B-00C04F79EFBC}") = "Sprint03_Task02", "Sprint03_Task02\Sprint03_Task02.csproj", "{EDC55BE8-2EDB-4059-B86B-A642BB5C1B91}"
EndProject
Project("{FAE04EC0-301F-11D3-BF4B-00C04F79EFBC}") = "Sprint03_Task03", "Sprint03_Task03\Sprint03_Task03.csproj", "{8DB915AE-D72B-46BE-B30B-E708943B4D45}"
EndProject
Project("{FAE04EC0-301F-11D3-BF4B-00C04F79EFBC}") = "Sprint03_Task04", "Sprint03_Task04\Sprint03_Task04.csproj", "{34EE41F4-A1ED-47A0-9F75-2195DA8C5210}"
EndProject
Project("{FAE04EC0-301F-11D3-BF4B-00C04F79EFBC}") = "Sprint03_Task05", "Sprint03_Task05\Sprint03_Task05.csproj", "{8FD9618C-757E-483B-892A-F183AEB510F7}"
EndProject
Global
	GlobalSection(SolutionConfigurationPlatforms) = preSolution
		Debug|Any CPU = Debug|Any CPU
		Release|Any CPU = Release|Any CPU
	EndGlobalSection
	GlobalSection(ProjectConfigurationPlatforms) = postSolution
		{16F25DC5-414C-4630-AAD1-B39A2F237CA0}.Debug|Any CPU.ActiveCfg = Debug|Any CPU
		{16F25DC5-414C-4630-AAD1-B39A2F237CA0}.Debug|Any CPU.Build.0 = Debug|Any CPU
		{16F25DC5-414C-4630-AAD1-B39A2F237CA0}.Release|Any CPU.ActiveCfg = Release|Any CPU
		{16F25DC5-414C-4630-AAD1-B39A2F237CA0}.Release|Any CPU.Build.0 = Release|Any CPU
		{8BA51ECC-98CF-4DA4-8D7E-F41E880513D6}.Debug|Any CPU.ActiveCfg = Debug|Any CPU
		{8BA51ECC-98CF-4DA4-8D7E-F41E880513D6}.Debug|Any CPU.Build.0 = Debug|Any CPU
		{8BA51ECC-98CF-4DA4-8D7E-F41E880513D6}.Release|Any CPU.ActiveCfg = Release|Any CPU
		{8BA51ECC-98CF-4DA4-8D7E-F41E880513D6}.Release|Any CPU.Build.0 = Release|Any CPU
		{DA159B51-1241-4573-A3DA-4881F91188EB}.Debug|Any CPU.ActiveCfg = Debug|Any CPU
		{DA159B51-1241-4573-A3DA-4881F91188EB}.Debug|Any CPU.Build.0 = Debug|Any CPU
		{DA159B51-1241-4573-A3DA-4881F91188EB}.Release|Any CPU.ActiveCfg = Release|Any CPU
		{DA159B51-1241-4573-A3DA-4881F91188EB}.Release|Any CPU.Build.0 = Release|Any CPU
		{8EFAB83C-3D5E-44B4-8517-8E18A3E32402}.Debug|Any CPU.ActiveCfg = Debug|Any CPU
		{8EFAB83C-3D5E-44B4-8517-8E18A3E32402}.Debug|Any CPU.Build.0 = Debug|Any CPU
		{8EFAB83C-3D5E-44B4-8517-8E18A3E32402}.Release|Any CPU.ActiveCfg = Release|Any CPU
		{8EFAB83C-3D5E-44B4-8517-8E18A3E32402}.Release|Any CPU.Build.0 = Release|Any CPU
		{AA24E4A3-D131-4AD3-AFB4-C8E86DE00D04}.Debug|Any CPU.ActiveCfg = Debug|Any CPU
		{AA24E4A3-D131-4AD3-AFB4-C8E86DE00D04}.Debug|Any CPU.Build.0 = Debug|Any CPU
		{AA24E4A3-D131-4AD3-AFB4-C8E86DE00D04}.Release|Any CPU.ActiveCfg = Release|Any CPU
		{AA24E4A3-D131-4AD3-AFB4-C8E86DE00D04}.Release|Any CPU.Build.0 = Release|Any CPU
		{5644AE16-967E-4B16-88DB-6E33029CE860}.Debug|Any CPU.ActiveCfg = Debug|Any CPU
		{5644AE16-967E-4B16-88DB-6E33029CE860}.Debug|Any CPU.Build.0 = Debug|Any CPU
		{5644AE16-967E-4B16-88DB-6E33029CE860}.Release|Any CPU.ActiveCfg = Release|Any CPU
		{5644AE16-967E-4B16-88DB-6E33029CE860}.Release|Any CPU.Build.0 = Release|Any CPU
		{2C0EBD5E-63F2-41FF-8567-8885983EC559}.Debug|Any CPU.ActiveCfg = Debug|Any CPU
		{2C0EBD5E-63F2-41FF-8567-8885983EC559}.Debug|Any CPU.Build.0 = Debug|Any CPU
		{2C0EBD5E-63F2-41FF-8567-8885983EC559}.Release|Any CPU.ActiveCfg = Release|Any CPU
		{2C0EBD5E-63F2-41FF-8567-8885983EC559}.Release|Any CPU.Build.0 = Release|Any CPU
		{A490FA66-BDB1-4FF6-A59B-C879A6A5A9CA}.Debug|Any CPU.ActiveCfg = Debug|Any CPU
		{A490FA66-BDB1-4FF6-A59B-C879A6A5A9CA}.Debug|Any CPU.Build.0 = Debug|Any CPU
		{A490FA66-BDB1-4FF6-A59B-C879A6A5A9CA}.Release|Any CPU.ActiveCfg = Release|Any CPU
		{A490FA66-BDB1-4FF6-A59B-C879A6A5A9CA}.Release|Any CPU.Build.0 = Release|Any CPU
		{EDC55BE8-2EDB-4059-B86B-A642BB5C1B91}.Debug|Any CPU.ActiveCfg = Debug|Any CPU
		{EDC55BE8-2EDB-4059-B86B-A642BB5C1B91}.Debug|Any CPU.Build.0 = Debug|Any CPU
		{EDC55BE8-2EDB-4059-B86B-A642BB5C1B91}.Release|Any CPU.ActiveCfg = Release|Any CPU
		{EDC55BE8-2EDB-4059-B86B-A642BB5C1B91}.Release|Any CPU.Build.0 = Release|Any CPU
		{8DB915AE-D72B-46BE-B30B-E708943B4D45}.Debug|Any CPU.ActiveCfg = Debug|Any CPU
		{8DB915AE-D72B-46BE-B30B-E708943B4D45}.Debug|Any CPU.Build.0 = Debug|Any CPU
		{8DB915AE-D72B-46BE-B30B-E708943B4D45}.Release|Any CPU.ActiveCfg = Release|Any CPU
		{8DB915AE-D72B-46BE-B30B-E708943B4D45}.Release|Any CPU.Build.0 = Release|Any CPU
		{34EE41F4-A1ED-47A0-9F75-2195DA8C5210}.Debug|Any CPU.ActiveCfg = Debug|Any CPU
		{34EE41F4-A1ED-47A0-9F75-2195DA8C5210}.Debug|Any CPU.Build.0 = Debug|Any CPU
		{34EE41F4-A1ED-47A0-9F75-2195DA8C5210}.Release|Any CPU.ActiveCfg = Release|Any CPU
		{34EE41F4-A1ED-47A0-9F75-2195DA8C5210}.Release|Any CPU.Build.0 = Release|Any CPU
		{8FD9618C-757E-483B-892A-F183AEB510F7}.Debug|Any CPU.ActiveCfg = Debug|Any CPU
		{8FD9618C-757E-483B-892A-F183AEB510F7}.Debug|Any CPU.Build.0 = Debug|Any CPU
		{8FD9618C-757E-483B-892A-F183AEB510F7}.Release|Any CPU.ActiveCfg = Release|Any CPU
		{8FD9618C-757E-483B-892A-F183AEB510F7}.Release|Any CPU.Build.0 = Release|Any CPU
	EndGlobalSection
	GlobalSection(SolutionProperties) = preSolution
		HideSolutionNode = FALSE
	EndGlobalSection
	GlobalSection(NestedProjects) = preSolution
		{16F25DC5-414C-4630-AAD1-B39A2F237CA0} = {A7B2DD89-AC59-42BF-92BB-668D9D152228}
		{8BA51ECC-98CF-4DA4-8D7E-F41E880513D6} = {A7B2DD89-AC59-42BF-92BB-668D9D152228}
		{DA159B51-1241-4573-A3DA-4881F91188EB} = {A7B2DD89-AC59-42BF-92BB-668D9D152228}
		{8EFAB83C-3D5E-44B4-8517-8E18A3E32402} = {A7B2DD89-AC59-42BF-92BB-668D9D152228}
		{AA24E4A3-D131-4AD3-AFB4-C8E86DE00D04} = {A7B2DD89-AC59-42BF-92BB-668D9D152228}
		{5644AE16-967E-4B16-88DB-6E33029CE860} = {9B0729B1-C5EA-4F8A-B54D-B8AB935FF91E}
		{2C0EBD5E-63F2-41FF-8567-8885983EC559} = {9B0729B1-C5EA-4F8A-B54D-B8AB935FF91E}
		{A490FA66-BDB1-4FF6-A59B-C879A6A5A9CA} = {43527620-0AB6-4138-A222-93B2A73FAB5E}
		{EDC55BE8-2EDB-4059-B86B-A642BB5C1B91} = {43527620-0AB6-4138-A222-93B2A73FAB5E}
		{8DB915AE-D72B-46BE-B30B-E708943B4D45} = {43527620-0AB6-4138-A222-93B2A73FAB5E}
		{34EE41F4-A1ED-47A0-9F75-2195DA8C5210} = {43527620-0AB6-4138-A222-93B2A73FAB5E}
		{8FD9618C-757E-483B-892A-F183AEB510F7} = {43527620-0AB6-4138-A222-93B2A73FAB5E}
	EndGlobalSection
	GlobalSection(ExtensibilityGlobals) = postSolution
		SolutionGuid = {287BA00E-15EB-4C46-AAA9-CA00FB7FC437}
	EndGlobalSection
EndGlobal
