
Microsoft Visual Studio Solution File, Format Version 12.00
# Visual Studio Version 17
VisualStudioVersion = 17.5.33627.172
MinimumVisualStudioVersion = 10.0.40219.1
Project("{FAE04EC0-301F-11D3-BF4B-00C04F79EFBC}") = "Sprint01_Task01", "Sprint01_Task01\Sprint01_Task01.csproj", "{16F25DC5-414C-4630-AAD1-B39A2F237CA0}"
EndProject
Global
	GlobalSection(SolutionConfigurationPlatforms) = preSolution
		Debug|Any CPU = Debug|Any CPU
		Release|Any CPU = Release|Any CPU
	EndGlobalSection
	GlobalSection(ProjectConfigurationPlatforms) = postSolution
		{16F25DC5-414C-4630-AAD1-B39A2F237CA0}.Debug|Any CPU.ActiveCfg = Debug|Any CPU
		{16F25DC5-414C-4630-AAD1-B39A2F237CA0}.Debug|Any CPU.Build.0 = Debug|Any CPU
		{16F25DC5-414C-4630-AAD1-B39A2F237CA0}.Release|Any CPU.ActiveCfg = Release|Any CPU
		{16F25DC5-414C-4630-AAD1-B39A2F237CA0}.Release|Any CPU.Build.0 = Release|Any CPU
	EndGlobalSection
	GlobalSection(SolutionProperties) = preSolution
		HideSolutionNode = FALSE
	EndGlobalSection
	GlobalSection(ExtensibilityGlobals) = postSolution
		SolutionGuid = {287BA00E-15EB-4C46-AAA9-CA00FB7FC437}
	EndGlobalSection
EndGlobal
